{
  "name": "mix-gem",
  "version": "1.0.0",
  "lockfileVersion": 3,
  "requires": true,
  "packages": {
    "": {
      "name": "mix-gem",
      "version": "1.0.0",
      "license": "ISC",
      "dependencies": {
        "oh-my-opencode-linux-x64": "^3.17.12"
      }
    },
    "node_modules/oh-my-opencode-linux-x64": {
      "version": "3.17.12",
      "resolved": "https://registry.npmjs.org/oh-my-opencode-linux-x64/-/oh-my-opencode-linux-x64-3.17.12.tgz",
      "integrity": "sha512-Jkx5L1mXtYDU1lyTcjP1E6tjEwx5/yAwrkDcAI8pDbswY3hfObZPF5Qvny1iz3abstlnMvh+y5kvb8bdN/pMKg==",
      "cpu": [
        "x64"
      ],
      "license": "MIT",
      "os": [
        "linux"
      ],
      "bin": {
        "oh-my-opencode": "bin/oh-my-opencode"
      }
    }
  }
}
